{
  "name": "doclok",
  "version": "1.0.0",
  "lockfileVersion": 1,
  "dependencies": {
    "accepts": {
      "version": "1.2.13",
      "resolved": "https://registry.npmjs.org/accepts/-/accepts-1.2.13.tgz",
      "integrity": "sha1-5fHzkoxtlf2WVYw27D2dDeSm7Oo="
    },
    "asn1": {
      "version": "0.2.3",
      "resolved": "https://registry.npmjs.org/asn1/-/asn1-0.2.3.tgz",
      "integrity": "sha1-2sh4dxPJlmhJ/IGAd36+nB3fO4Y="
    },
    "assert-plus": {
      "version": "0.1.5",
      "resolved": "https://registry.npmjs.org/assert-plus/-/assert-plus-0.1.5.tgz",
      "integrity": "sha1-7nQAlBMALYTOxyGcasgRgS5yMWA="
    },
    "backoff": {
      "version": "2.4.1",
      "resolved": "https://registry.npmjs.org/backoff/-/backoff-2.4.1.tgz",
      "integrity": "sha1-L2jFDg3Xidvv4kIApi77BNJFbWg="
    },
    "balanced-match": {
      "version": "1.0.0",
      "resolved": "https://registry.npmjs.org/balanced-match/-/balanced-match-1.0.0.tgz",
      "integrity": "sha1-ibTRmasr7kneFk6gK4nORi1xt2c=",
      "optional": true
    },
    "bcryptjs": {
      "version": "2.3.0",
      "resolved": "https://registry.npmjs.org/bcryptjs/-/bcryptjs-2.3.0.tgz",
      "integrity": "sha1-WCaQDP73q680JccuTUZN5Qm4wuw="
    },
    "bluebird": {
      "version": "3.5.0",
      "resolved": "https://registry.npmjs.org/bluebird/-/bluebird-3.5.0.tgz",
      "integrity": "sha1-eRQg1/VR7qKJdFOop3ZT+WYG1nw="
    },
    "body-parser": {
      "version": "1.12.4",
      "resolved": "https://registry.npmjs.org/body-parser/-/body-parser-1.12.4.tgz",
      "integrity": "sha1-CQcAxLoohiqFIO83g5X97l9hwik=",
      "dependencies": {
        "debug": {
          "version": "2.2.0",
          "resolved": "https://registry.npmjs.org/debug/-/debug-2.2.0.tgz",
          "integrity": "sha1-+HBX6ZWxofauaklgZkE3vFbwOdo="
        },
        "depd": {
          "version": "1.0.1",
          "resolved": "https://registry.npmjs.org/depd/-/depd-1.0.1.tgz",
          "integrity": "sha1-gK7GTJ1tl+ZcwqnKqTwKpqv3Oqo="
        },
        "ms": {
          "version": "0.7.1",
          "resolved": "https://registry.npmjs.org/ms/-/ms-0.7.1.tgz",
          "integrity": "sha1-nNE8A62/8ltl7/3nzoZO6VIBcJg="
        }
      }
    },
    "brace-expansion": {
      "version": "1.1.8",
      "resolved": "https://registry.npmjs.org/brace-expansion/-/brace-expansion-1.1.8.tgz",
      "integrity": "sha1-wHshHHyVLsH479Uad+8NHTmQopI=",
      "optional": true
    },
    "bunyan": {
      "version": "1.5.1",
      "resolved": "https://registry.npmjs.org/bunyan/-/bunyan-1.5.1.tgz",
      "integrity": "sha1-X259RMQ7lS9WsPQTCeOrEjkbTi0="
    },
    "bytes": {
      "version": "1.0.0",
      "resolved": "https://registry.npmjs.org/bytes/-/bytes-1.0.0.tgz",
      "integrity": "sha1-NWnt6Lo0MV+rmcPpLLBMciDeH6g="
    },
    "concat-map": {
      "version": "0.0.1",
      "resolved": "https://registry.npmjs.org/concat-map/-/concat-map-0.0.1.tgz",
      "integrity": "sha1-2Klr13/Wjfd5OnMDajug1UBdR3s=",
      "optional": true
    },
    "content-disposition": {
      "version": "0.5.0",
      "resolved": "https://registry.npmjs.org/content-disposition/-/content-disposition-0.5.0.tgz",
      "integrity": "sha1-QoT+auBjCHRjnkToCkGMKTQTXp4="
    },
    "content-type": {
      "version": "1.0.2",
      "resolved": "https://registry.npmjs.org/content-type/-/content-type-1.0.2.tgz",
      "integrity": "sha1-t9ETrueo3Se9IRM8TcJSnfFyHu0="
    },
    "cookie": {
      "version": "0.3.1",
      "resolved": "https://registry.npmjs.org/cookie/-/cookie-0.3.1.tgz",
      "integrity": "sha1-5+Ch+e9DtMi6klxcWpboBtFoc7s="
    },
    "cookie-parser": {
      "version": "1.4.3",
      "resolved": "https://registry.npmjs.org/cookie-parser/-/cookie-parser-1.4.3.tgz",
      "integrity": "sha1-D+MfoZ0AC5X0qt8fU/3CuKIDuqU="
    },
    "cookie-signature": {
      "version": "1.0.6",
      "resolved": "https://registry.npmjs.org/cookie-signature/-/cookie-signature-1.0.6.tgz",
      "integrity": "sha1-4wOogrNCzD7oylE6eZmXNNqzriw="
    },
    "crc": {
      "version": "3.4.4",
      "resolved": "https://registry.npmjs.org/crc/-/crc-3.4.4.tgz",
      "integrity": "sha1-naHpgOO9RPxck79as9ozeNheRms="
    },
    "dashdash": {
      "version": "1.10.1",
      "resolved": "https://registry.npmjs.org/dashdash/-/dashdash-1.10.1.tgz",
      "integrity": "sha1-Cr8a+JqPUSmoHxjCs1sh3yJiL2A="
    },
    "debug": {
      "version": "2.6.7",
      "resolved": "https://registry.npmjs.org/debug/-/debug-2.6.7.tgz",
      "integrity": "sha1-krrR9tBbu2u6Isyoi80OyJTChh4="
    },
    "depd": {
      "version": "1.1.0",
      "resolved": "https://registry.npmjs.org/depd/-/depd-1.1.0.tgz",
      "integrity": "sha1-4b2Cxqq2ztlluXuIsX7T5SjKGMM="
    },
    "destroy": {
      "version": "1.0.3",
      "resolved": "https://registry.npmjs.org/destroy/-/destroy-1.0.3.tgz",
      "integrity": "sha1-tDO0ck5x/YVR2YhRdIUcX8N34sk="
    },
    "dtrace-provider": {
      "version": "0.6.0",
      "resolved": "https://registry.npmjs.org/dtrace-provider/-/dtrace-provider-0.6.0.tgz",
      "integrity": "sha1-CweNVReTfYcxAUUtkUZzdVe3XlE=",
      "optional": true
    },
    "ee-first": {
      "version": "1.1.0",
      "resolved": "https://registry.npmjs.org/ee-first/-/ee-first-1.1.0.tgz",
      "integrity": "sha1-ag18YiHkkP7v2S7D9EHJzozQl/Q="
    },
    "ejs": {
      "version": "2.3.4",
      "resolved": "https://registry.npmjs.org/ejs/-/ejs-2.3.4.tgz",
      "integrity": "sha1-PHbKoJZks1g7ADevncE2557Gi5g="
    },
    "escape-html": {
      "version": "1.0.1",
      "resolved": "https://registry.npmjs.org/escape-html/-/escape-html-1.0.1.tgz",
      "integrity": "sha1-GBoobq05ejmpKFfPsdQwUuNWv/A="
    },
    "etag": {
      "version": "1.6.0",
      "resolved": "https://registry.npmjs.org/etag/-/etag-1.6.0.tgz",
      "integrity": "sha1-i8ssavElTEgd/IuZfJBu9ORCwgc=",
      "dependencies": {
        "crc": {
          "version": "3.2.1",
          "resolved": "https://registry.npmjs.org/crc/-/crc-3.2.1.tgz",
          "integrity": "sha1-XZyPt3okXNXsopHl0tAFM0urAII="
        }
      }
    },
    "express": {
      "version": "4.12.4",
      "resolved": "https://registry.npmjs.org/express/-/express-4.12.4.tgz",
      "integrity": "sha1-j+wlECVbxrLlgQfEgjnA+jB8GqI=",
      "dependencies": {
        "cookie": {
          "version": "0.1.2",
          "resolved": "https://registry.npmjs.org/cookie/-/cookie-0.1.2.tgz",
          "integrity": "sha1-cv7D0k5Io0Mgc9kMEmQgBQYQBLE="
        },
        "debug": {
          "version": "2.2.0",
          "resolved": "https://registry.npmjs.org/debug/-/debug-2.2.0.tgz",
          "integrity": "sha1-+HBX6ZWxofauaklgZkE3vFbwOdo="
        },
        "depd": {
          "version": "1.0.1",
          "resolved": "https://registry.npmjs.org/depd/-/depd-1.0.1.tgz",
          "integrity": "sha1-gK7GTJ1tl+ZcwqnKqTwKpqv3Oqo="
        },
        "ms": {
          "version": "0.7.1",
          "resolved": "https://registry.npmjs.org/ms/-/ms-0.7.1.tgz",
          "integrity": "sha1-nNE8A62/8ltl7/3nzoZO6VIBcJg="
        }
      }
    },
    "express-session": {
      "version": "1.15.3",
      "resolved": "https://registry.npmjs.org/express-session/-/express-session-1.15.3.tgz",
      "integrity": "sha1-21RfBDWnsbIorgLagZf2UUFzXGc="
    },
    "extsprintf": {
      "version": "1.2.0",
      "resolved": "https://registry.npmjs.org/extsprintf/-/extsprintf-1.2.0.tgz",
      "integrity": "sha1-WtlGwi9bMrp/jNdCZxHG6KP8JSk="
    },
    "finalhandler": {
      "version": "0.3.6",
      "resolved": "https://registry.npmjs.org/finalhandler/-/finalhandler-0.3.6.tgz",
      "integrity": "sha1-2vnEFhsbBuABRmsUEd/baXO+E4s=",
      "dependencies": {
        "debug": {
          "version": "2.2.0",
          "resolved": "https://registry.npmjs.org/debug/-/debug-2.2.0.tgz",
          "integrity": "sha1-+HBX6ZWxofauaklgZkE3vFbwOdo="
        },
        "ms": {
          "version": "0.7.1",
          "resolved": "https://registry.npmjs.org/ms/-/ms-0.7.1.tgz",
          "integrity": "sha1-nNE8A62/8ltl7/3nzoZO6VIBcJg="
        }
      }
    },
    "forwarded": {
      "version": "0.1.0",
      "resolved": "https://registry.npmjs.org/forwarded/-/forwarded-0.1.0.tgz",
      "integrity": "sha1-Ge+YdMSuHCl7zweP3mOgm2aoQ2M="
    },
    "fresh": {
      "version": "0.2.4",
      "resolved": "https://registry.npmjs.org/fresh/-/fresh-0.2.4.tgz",
      "integrity": "sha1-NYJJkgbJcjcUGQ7ddLRgT+tKYUw="
    },
    "glob": {
      "version": "6.0.4",
      "resolved": "https://registry.npmjs.org/glob/-/glob-6.0.4.tgz",
      "integrity": "sha1-DwiGD2oVUSey+t1PnOJLGqtuTSI=",
      "optional": true
    },
    "iconv-lite": {
      "version": "0.4.8",
      "resolved": "https://registry.npmjs.org/iconv-lite/-/iconv-lite-0.4.8.tgz",
      "integrity": "sha1-xgGadZXyzvynAuq2lKAQvNkpjSA="
    },
    "inflight": {
      "version": "1.0.6",
      "resolved": "https://registry.npmjs.org/inflight/-/inflight-1.0.6.tgz",
      "integrity": "sha1-Sb1jMdfQLQwJvJEKEHW6gWW1bfk=",
      "optional": true
    },
    "inherits": {
      "version": "2.0.3",
      "resolved": "https://registry.npmjs.org/inherits/-/inherits-2.0.3.tgz",
      "integrity": "sha1-Yzwsg+PaQqUC9SRmAiSA9CCCYd4=",
      "optional": true
    },
    "ipaddr.js": {
      "version": "1.0.5",
      "resolved": "https://registry.npmjs.org/ipaddr.js/-/ipaddr.js-1.0.5.tgz",
      "integrity": "sha1-X6eM8wG4JceKvDBC2BJyMEnqI8c="
    },
    "ldap-filter": {
      "version": "0.2.2",
      "resolved": "https://registry.npmjs.org/ldap-filter/-/ldap-filter-0.2.2.tgz",
      "integrity": "sha1-8rhCvguG2jNSeYUFsx68rlkNd9A="
    },
    "ldapauth-fork": {
      "version": "2.4.0",
      "resolved": "https://registry.npmjs.org/ldapauth-fork/-/ldapauth-fork-2.4.0.tgz",
      "integrity": "sha1-B7Jmzo4LRRD8oKdDc9eJOQ1PMxw="
    },
    "ldapjs": {
      "version": "1.0.0",
      "resolved": "https://registry.npmjs.org/ldapjs/-/ldapjs-1.0.0.tgz",
      "integrity": "sha1-HaLNW/ucsQPBulFpONqXG8K7w/I="
    },
    "lru-cache": {
      "version": "2.7.0",
      "resolved": "https://registry.npmjs.org/lru-cache/-/lru-cache-2.7.0.tgz",
      "integrity": "sha1-qqN2pM2XD5zr9ewZCVZuwDTwfuY="
    },
    "media-typer": {
      "version": "0.3.0",
      "resolved": "https://registry.npmjs.org/media-typer/-/media-typer-0.3.0.tgz",
      "integrity": "sha1-hxDXrwqmJvj/+hzgAWhUUmMlV0g="
    },
    "merge-descriptors": {
      "version": "1.0.0",
      "resolved": "https://registry.npmjs.org/merge-descriptors/-/merge-descriptors-1.0.0.tgz",
      "integrity": "sha1-IWnPdTjhsMyH+4jhUC2EdLv3mGQ="
    },
    "methods": {
      "version": "1.1.2",
      "resolved": "https://registry.npmjs.org/methods/-/methods-1.1.2.tgz",
      "integrity": "sha1-VSmk1nZUE07cxSZmVoNbD4Ua/O4="
    },
    "mime": {
      "version": "1.3.4",
      "resolved": "https://registry.npmjs.org/mime/-/mime-1.3.4.tgz",
      "integrity": "sha1-EV+eO2s9rylZmDyzjxSaLUDrXVM="
    },
    "mime-db": {
      "version": "1.27.0",
      "resolved": "https://registry.npmjs.org/mime-db/-/mime-db-1.27.0.tgz",
      "integrity": "sha1-gg9XIpa70g7CXtVeW13oaeVDbrE="
    },
    "mime-types": {
      "version": "2.1.15",
      "resolved": "https://registry.npmjs.org/mime-types/-/mime-types-2.1.15.tgz",
      "integrity": "sha1-pOv1BkCUVpI3uM9wBGd20J/JKu0="
    },
    "minimatch": {
      "version": "3.0.4",
      "resolved": "https://registry.npmjs.org/minimatch/-/minimatch-3.0.4.tgz",
      "integrity": "sha512-yJHVQEhyqPLUTgt9B83PXu6W3rx4MvvHvSUvToogpwoGDOUQ+yDrR0HRot+yOCdCO7u4hX3pWft6kWBBcqh0UA==",
      "optional": true
    },
    "minimist": {
      "version": "0.0.8",
      "resolved": "https://registry.npmjs.org/minimist/-/minimist-0.0.8.tgz",
      "integrity": "sha1-hX/Kv8M5fSYluCKCYuhqp6ARsF0=",
      "optional": true
    },
    "mkdirp": {
      "version": "0.5.1",
      "resolved": "https://registry.npmjs.org/mkdirp/-/mkdirp-0.5.1.tgz",
      "integrity": "sha1-MAV0OOrGz3+MR2fzhkjWaX11yQM=",
      "optional": true
    },
    "ms": {
      "version": "2.0.0",
      "resolved": "https://registry.npmjs.org/ms/-/ms-2.0.0.tgz",
      "integrity": "sha1-VgiurfwAvmwpAd9fmGF4jeDVl8g="
    },
    "mv": {
      "version": "2.1.1",
      "resolved": "https://registry.npmjs.org/mv/-/mv-2.1.1.tgz",
      "integrity": "sha1-rmzg1vbV4KT32JN5jQPB6pVZtqI=",
      "optional": true
    },
    "nan": {
      "version": "2.6.2",
      "resolved": "https://registry.npmjs.org/nan/-/nan-2.6.2.tgz",
      "integrity": "sha1-5P805slf37WuzAjeZZb0NgWn20U=",
      "optional": true
    },
    "ncp": {
      "version": "2.0.0",
      "resolved": "https://registry.npmjs.org/ncp/-/ncp-2.0.0.tgz",
      "integrity": "sha1-GVoh1sRuNh0vsSgbo4uR6d9727M=",
      "optional": true
    },
    "negotiator": {
      "version": "0.5.3",
      "resolved": "https://registry.npmjs.org/negotiator/-/negotiator-0.5.3.tgz",
      "integrity": "sha1-Jp1cR2gQ7JLtvntsLygxY4T5p+g="
    },
    "on-finished": {
      "version": "2.2.1",
      "resolved": "https://registry.npmjs.org/on-finished/-/on-finished-2.2.1.tgz",
      "integrity": "sha1-XIXBzDYpn3gCllP2Z/J7a5nrwCk="
    },
    "on-headers": {
      "version": "1.0.1",
      "resolved": "https://registry.npmjs.org/on-headers/-/on-headers-1.0.1.tgz",
      "integrity": "sha1-ko9dD0cNSTQmUepnlLCFfBAGk/c="
    },
    "once": {
      "version": "1.3.2",
      "resolved": "https://registry.npmjs.org/once/-/once-1.3.2.tgz",
      "integrity": "sha1-2P7sqTsDnsHc3ud0HJK9rF4oCBs="
    },
    "parseurl": {
      "version": "1.3.1",
      "resolved": "https://registry.npmjs.org/parseurl/-/parseurl-1.3.1.tgz",
      "integrity": "sha1-yKuMkiO6NIiKpkopeyiFO+wY2lY="
    },
    "passport": {
      "version": "0.3.2",
      "resolved": "https://registry.npmjs.org/passport/-/passport-0.3.2.tgz",
      "integrity": "sha1-ndAJ+RXo/glbASSgG4+C2gdRAQI="
    },
    "passport-ldapauth": {
      "version": "0.4.0",
      "resolved": "https://registry.npmjs.org/passport-ldapauth/-/passport-ldapauth-0.4.0.tgz",
      "integrity": "sha1-HWApI8Wbfq21uSWSe7GUShjZfq4="
    },
    "passport-strategy": {
      "version": "1.0.0",
      "resolved": "https://registry.npmjs.org/passport-strategy/-/passport-strategy-1.0.0.tgz",
      "integrity": "sha1-tVOaqPwiWj0a0XlHbd8ja0QPUuQ="
    },
    "path-is-absolute": {
      "version": "1.0.1",
      "resolved": "https://registry.npmjs.org/path-is-absolute/-/path-is-absolute-1.0.1.tgz",
      "integrity": "sha1-F0uSaHNVNP+8es5r9TpanhtcX18=",
      "optional": true
    },
    "path-to-regexp": {
      "version": "0.1.3",
      "resolved": "https://registry.npmjs.org/path-to-regexp/-/path-to-regexp-0.1.3.tgz",
      "integrity": "sha1-IbmrgidCed4lsVbqCP0SylG4rss="
    },
    "pause": {
      "version": "0.0.1",
      "resolved": "https://registry.npmjs.org/pause/-/pause-0.0.1.tgz",
      "integrity": "sha1-HUCLP9t2kjuVQ9lvtMnf1TXZy10="
    },
    "precond": {
      "version": "0.2.3",
      "resolved": "https://registry.npmjs.org/precond/-/precond-0.2.3.tgz",
      "integrity": "sha1-qpWRvKokkj8eD0hJ0kD0fvwQdaw="
    },
    "proxy-addr": {
      "version": "1.0.10",
      "resolved": "https://registry.npmjs.org/proxy-addr/-/proxy-addr-1.0.10.tgz",
      "integrity": "sha1-DUCoL4Afw1VWfS7LZe/j8HfxIcU="
    },
    "qs": {
      "version": "2.4.2",
      "resolved": "https://registry.npmjs.org/qs/-/qs-2.4.2.tgz",
      "integrity": "sha1-9854jld33wtQENp/fE5zujJHD1o="
    },
    "random-bytes": {
      "version": "1.0.0",
      "resolved": "https://registry.npmjs.org/random-bytes/-/random-bytes-1.0.0.tgz",
      "integrity": "sha1-T2ih3Arli9P7lYSMMDJNt11kNgs="
    },
    "range-parser": {
      "version": "1.0.3",
      "resolved": "https://registry.npmjs.org/range-parser/-/range-parser-1.0.3.tgz",
      "integrity": "sha1-aHKCNTXGkuLCoBA4Jq/YLC4P8XU="
    },
    "raw-body": {
      "version": "2.0.2",
      "resolved": "https://registry.npmjs.org/raw-body/-/raw-body-2.0.2.tgz",
      "integrity": "sha1-osL5jIUxzumcY9jSOLfel7tln8o=",
      "dependencies": {
        "bytes": {
          "version": "2.1.0",
          "resolved": "https://registry.npmjs.org/bytes/-/bytes-2.1.0.tgz",
          "integrity": "sha1-rJPEEOL/ycx89LRks4KJBn9eR7Q="
        }
      }
    },
    "rethinkdbdash": {
      "version": "2.3.29",
      "resolved": "https://registry.npmjs.org/rethinkdbdash/-/rethinkdbdash-2.3.29.tgz",
      "integrity": "sha1-JS5FTImoZ4MwHrQXGVk4a9smjAw="
    },
    "rimraf": {
      "version": "2.4.5",
      "resolved": "https://registry.npmjs.org/rimraf/-/rimraf-2.4.5.tgz",
      "integrity": "sha1-7nEM5dk6j9uFb7Xqj/Di11k0sto=",
      "optional": true
    },
    "safe-json-stringify": {
      "version": "1.0.4",
      "resolved": "https://registry.npmjs.org/safe-json-stringify/-/safe-json-stringify-1.0.4.tgz",
      "integrity": "sha1-gaCY9Efku8P/MxKiQ1IbwGDvWRE=",
      "optional": true
    },
    "send": {
      "version": "0.12.3",
      "resolved": "https://registry.npmjs.org/send/-/send-0.12.3.tgz",
      "integrity": "sha1-zRLcWP3iHk+RkCs5sv2gWnptm9w=",
      "dependencies": {
        "debug": {
          "version": "2.2.0",
          "resolved": "https://registry.npmjs.org/debug/-/debug-2.2.0.tgz",
          "integrity": "sha1-+HBX6ZWxofauaklgZkE3vFbwOdo="
        },
        "depd": {
          "version": "1.0.1",
          "resolved": "https://registry.npmjs.org/depd/-/depd-1.0.1.tgz",
          "integrity": "sha1-gK7GTJ1tl+ZcwqnKqTwKpqv3Oqo="
        },
        "ms": {
          "version": "0.7.1",
          "resolved": "https://registry.npmjs.org/ms/-/ms-0.7.1.tgz",
          "integrity": "sha1-nNE8A62/8ltl7/3nzoZO6VIBcJg="
        }
      }
    },
    "serve-static": {
      "version": "1.9.3",
      "resolved": "https://registry.npmjs.org/serve-static/-/serve-static-1.9.3.tgz",
      "integrity": "sha1-X42gcyOtOF/z3FQfGnkXsuQ261c="
    },
    "session-rethinkdb": {
      "version": "1.0.10",
      "resolved": "https://registry.npmjs.org/session-rethinkdb/-/session-rethinkdb-1.0.10.tgz",
      "integrity": "sha1-m55uZjg1KG48qWFWITeO2naFlwQ="
    },
    "type-is": {
      "version": "1.6.15",
      "resolved": "https://registry.npmjs.org/type-is/-/type-is-1.6.15.tgz",
      "integrity": "sha1-yrEPtJCeRByChC6v4a1kbIGARBA="
    },
    "uid-safe": {
      "version": "2.1.4",
      "resolved": "https://registry.npmjs.org/uid-safe/-/uid-safe-2.1.4.tgz",
      "integrity": "sha1-Otbzg2jG1MjHXsF2I/t5qh0HHYE="
    },
    "utils-merge": {
      "version": "1.0.0",
      "resolved": "https://registry.npmjs.org/utils-merge/-/utils-merge-1.0.0.tgz",
      "integrity": "sha1-ApT7kiu5N1FTVBxPcJYjHyh8ivg="
    },
    "vary": {
      "version": "1.0.1",
      "resolved": "https://registry.npmjs.org/vary/-/vary-1.0.1.tgz",
      "integrity": "sha1-meSYFWaihhGN+yuBc1ffeZM3bRA="
    },
    "vasync": {
      "version": "1.6.3",
      "resolved": "https://registry.npmjs.org/vasync/-/vasync-1.6.3.tgz",
      "integrity": "sha1-SmnXBSpH9M6FUD12Qd8cv0BDKpQ="
    },
    "verror": {
      "version": "1.6.0",
      "resolved": "https://registry.npmjs.org/verror/-/verror-1.6.0.tgz",
      "integrity": "sha1-fROyex+swuLakEBetepuW90lLqU="
    },
    "wrappy": {
      "version": "1.0.2",
      "resolved": "https://registry.npmjs.org/wrappy/-/wrappy-1.0.2.tgz",
      "integrity": "sha1-tSQ9jz7BqjXxNkYFvA0QNuMKtp8="
    }
  }
}
